
Microsoft Visual Studio Solution File, Format Version 12.00
# Visual Studio 15
VisualStudioVersion = 15.0.26124.0
MinimumVisualStudioVersion = 15.0.26124.0
Project("{2150E333-8FDC-42A3-9474-1A3956D46DE8}") = "src", "src", "{09573EDA-5328-40B4-80D2-C13F2EA07D59}"
EndProject
Project("{FAE04EC0-301F-11D3-BF4B-00C04F79EFBC}") = "WebApp", "src\WebApp\WebApp.csproj", "{D4B576CC-42A7-4460-A14A-0DD7DC72B8E0}"
EndProject
Project("{FAE04EC0-301F-11D3-BF4B-00C04F79EFBC}") = "WebApp.Plugins", "src\WebApp.Plugins\WebApp.Plugins.csproj", "{608CA8E5-6DD3-4454-9800-271DD559A7E6}"
EndProject
Project("{2150E333-8FDC-42A3-9474-1A3956D46DE8}") = "shared", "shared", "{20793C97-791F-45BD-8EBC-06B4CEDE9B8B}"
EndProject
Project("{2150E333-8FDC-42A3-9474-1A3956D46DE8}") = "modules", "modules", "{BCC36764-4FF9-4DA7-8C16-643346BE9CDE}"
EndProject
Project("{2150E333-8FDC-42A3-9474-1A3956D46DE8}") = "test", "test", "{9206C3C5-A5D3-4000-AD3B-1F0743434A0F}"
EndProject
Project("{FAE04EC0-301F-11D3-BF4B-00C04F79EFBC}") = "WebApp.Test", "test\WebApp.Test\WebApp.Test.csproj", "{A7FEFFD5-A70B-46A6-897B-72863C96C078}"
EndProject
Project("{FAE04EC0-301F-11D3-BF4B-00C04F79EFBC}") = "WebApp.TestBase", "test\WebApp.TestBase\WebApp.TestBase.csproj", "{C6E43920-4298-4E4E-9157-75C30B8B7E91}"
EndProject
Project("{FAE04EC0-301F-11D3-BF4B-00C04F79EFBC}") = "WebModule.HealthCheck", "src\WebModule.HealthCheck\WebModule.HealthCheck.csproj", "{5EC310FC-A112-4214-964D-FBB7F19F3F73}"
EndProject
Project("{FAE04EC0-301F-11D3-BF4B-00C04F79EFBC}") = "WebModule.SampleModule", "src\WebModule.SampleModule\WebModule.SampleModule.csproj", "{74358C07-2899-44B6-86E7-67EF5AA7EF03}"
EndProject
Project("{FAE04EC0-301F-11D3-BF4B-00C04F79EFBC}") = "Migration", "src\Migration\Migration.csproj", "{283CF085-0A45-481A-A7C6-A5F6578AB5BA}"
EndProject
Global
	GlobalSection(SolutionConfigurationPlatforms) = preSolution
		Debug|Any CPU = Debug|Any CPU
		Debug|x64 = Debug|x64
		Debug|x86 = Debug|x86
		Release|Any CPU = Release|Any CPU
		Release|x64 = Release|x64
		Release|x86 = Release|x86
	EndGlobalSection
	GlobalSection(SolutionProperties) = preSolution
		HideSolutionNode = FALSE
	EndGlobalSection
	GlobalSection(NestedProjects) = preSolution
		{D4B576CC-42A7-4460-A14A-0DD7DC72B8E0} = {09573EDA-5328-40B4-80D2-C13F2EA07D59}
		{20793C97-791F-45BD-8EBC-06B4CEDE9B8B} = {09573EDA-5328-40B4-80D2-C13F2EA07D59}
		{608CA8E5-6DD3-4454-9800-271DD559A7E6} = {20793C97-791F-45BD-8EBC-06B4CEDE9B8B}
		{BCC36764-4FF9-4DA7-8C16-643346BE9CDE} = {09573EDA-5328-40B4-80D2-C13F2EA07D59}
		{A7FEFFD5-A70B-46A6-897B-72863C96C078} = {9206C3C5-A5D3-4000-AD3B-1F0743434A0F}
		{C6E43920-4298-4E4E-9157-75C30B8B7E91} = {9206C3C5-A5D3-4000-AD3B-1F0743434A0F}
		{5EC310FC-A112-4214-964D-FBB7F19F3F73} = {BCC36764-4FF9-4DA7-8C16-643346BE9CDE}
		{74358C07-2899-44B6-86E7-67EF5AA7EF03} = {BCC36764-4FF9-4DA7-8C16-643346BE9CDE}
		{283CF085-0A45-481A-A7C6-A5F6578AB5BA} = {09573EDA-5328-40B4-80D2-C13F2EA07D59}
	EndGlobalSection
	GlobalSection(ProjectConfigurationPlatforms) = postSolution
		{D4B576CC-42A7-4460-A14A-0DD7DC72B8E0}.Debug|Any CPU.ActiveCfg = Debug|Any CPU
		{D4B576CC-42A7-4460-A14A-0DD7DC72B8E0}.Debug|Any CPU.Build.0 = Debug|Any CPU
		{D4B576CC-42A7-4460-A14A-0DD7DC72B8E0}.Debug|x64.ActiveCfg = Debug|Any CPU
		{D4B576CC-42A7-4460-A14A-0DD7DC72B8E0}.Debug|x64.Build.0 = Debug|Any CPU
		{D4B576CC-42A7-4460-A14A-0DD7DC72B8E0}.Debug|x86.ActiveCfg = Debug|Any CPU
		{D4B576CC-42A7-4460-A14A-0DD7DC72B8E0}.Debug|x86.Build.0 = Debug|Any CPU
		{D4B576CC-42A7-4460-A14A-0DD7DC72B8E0}.Release|Any CPU.ActiveCfg = Release|Any CPU
		{D4B576CC-42A7-4460-A14A-0DD7DC72B8E0}.Release|Any CPU.Build.0 = Release|Any CPU
		{D4B576CC-42A7-4460-A14A-0DD7DC72B8E0}.Release|x64.ActiveCfg = Release|Any CPU
		{D4B576CC-42A7-4460-A14A-0DD7DC72B8E0}.Release|x64.Build.0 = Release|Any CPU
		{D4B576CC-42A7-4460-A14A-0DD7DC72B8E0}.Release|x86.ActiveCfg = Release|Any CPU
		{D4B576CC-42A7-4460-A14A-0DD7DC72B8E0}.Release|x86.Build.0 = Release|Any CPU
		{608CA8E5-6DD3-4454-9800-271DD559A7E6}.Debug|Any CPU.ActiveCfg = Debug|Any CPU
		{608CA8E5-6DD3-4454-9800-271DD559A7E6}.Debug|Any CPU.Build.0 = Debug|Any CPU
		{608CA8E5-6DD3-4454-9800-271DD559A7E6}.Debug|x64.ActiveCfg = Debug|Any CPU
		{608CA8E5-6DD3-4454-9800-271DD559A7E6}.Debug|x64.Build.0 = Debug|Any CPU
		{608CA8E5-6DD3-4454-9800-271DD559A7E6}.Debug|x86.ActiveCfg = Debug|Any CPU
		{608CA8E5-6DD3-4454-9800-271DD559A7E6}.Debug|x86.Build.0 = Debug|Any CPU
		{608CA8E5-6DD3-4454-9800-271DD559A7E6}.Release|Any CPU.ActiveCfg = Release|Any CPU
		{608CA8E5-6DD3-4454-9800-271DD559A7E6}.Release|Any CPU.Build.0 = Release|Any CPU
		{608CA8E5-6DD3-4454-9800-271DD559A7E6}.Release|x64.ActiveCfg = Release|Any CPU
		{608CA8E5-6DD3-4454-9800-271DD559A7E6}.Release|x64.Build.0 = Release|Any CPU
		{608CA8E5-6DD3-4454-9800-271DD559A7E6}.Release|x86.ActiveCfg = Release|Any CPU
		{608CA8E5-6DD3-4454-9800-271DD559A7E6}.Release|x86.Build.0 = Release|Any CPU
		{A7FEFFD5-A70B-46A6-897B-72863C96C078}.Debug|Any CPU.ActiveCfg = Debug|Any CPU
		{A7FEFFD5-A70B-46A6-897B-72863C96C078}.Debug|Any CPU.Build.0 = Debug|Any CPU
		{A7FEFFD5-A70B-46A6-897B-72863C96C078}.Debug|x64.ActiveCfg = Debug|Any CPU
		{A7FEFFD5-A70B-46A6-897B-72863C96C078}.Debug|x64.Build.0 = Debug|Any CPU
		{A7FEFFD5-A70B-46A6-897B-72863C96C078}.Debug|x86.ActiveCfg = Debug|Any CPU
		{A7FEFFD5-A70B-46A6-897B-72863C96C078}.Debug|x86.Build.0 = Debug|Any CPU
		{A7FEFFD5-A70B-46A6-897B-72863C96C078}.Release|Any CPU.ActiveCfg = Release|Any CPU
		{A7FEFFD5-A70B-46A6-897B-72863C96C078}.Release|Any CPU.Build.0 = Release|Any CPU
		{A7FEFFD5-A70B-46A6-897B-72863C96C078}.Release|x64.ActiveCfg = Release|Any CPU
		{A7FEFFD5-A70B-46A6-897B-72863C96C078}.Release|x64.Build.0 = Release|Any CPU
		{A7FEFFD5-A70B-46A6-897B-72863C96C078}.Release|x86.ActiveCfg = Release|Any CPU
		{A7FEFFD5-A70B-46A6-897B-72863C96C078}.Release|x86.Build.0 = Release|Any CPU
		{C6E43920-4298-4E4E-9157-75C30B8B7E91}.Debug|Any CPU.ActiveCfg = Debug|Any CPU
		{C6E43920-4298-4E4E-9157-75C30B8B7E91}.Debug|Any CPU.Build.0 = Debug|Any CPU
		{C6E43920-4298-4E4E-9157-75C30B8B7E91}.Debug|x64.ActiveCfg = Debug|Any CPU
		{C6E43920-4298-4E4E-9157-75C30B8B7E91}.Debug|x64.Build.0 = Debug|Any CPU
		{C6E43920-4298-4E4E-9157-75C30B8B7E91}.Debug|x86.ActiveCfg = Debug|Any CPU
		{C6E43920-4298-4E4E-9157-75C30B8B7E91}.Debug|x86.Build.0 = Debug|Any CPU
		{C6E43920-4298-4E4E-9157-75C30B8B7E91}.Release|Any CPU.ActiveCfg = Release|Any CPU
		{C6E43920-4298-4E4E-9157-75C30B8B7E91}.Release|Any CPU.Build.0 = Release|Any CPU
		{C6E43920-4298-4E4E-9157-75C30B8B7E91}.Release|x64.ActiveCfg = Release|Any CPU
		{C6E43920-4298-4E4E-9157-75C30B8B7E91}.Release|x64.Build.0 = Release|Any CPU
		{C6E43920-4298-4E4E-9157-75C30B8B7E91}.Release|x86.ActiveCfg = Release|Any CPU
		{C6E43920-4298-4E4E-9157-75C30B8B7E91}.Release|x86.Build.0 = Release|Any CPU
		{5EC310FC-A112-4214-964D-FBB7F19F3F73}.Debug|Any CPU.ActiveCfg = Debug|Any CPU
		{5EC310FC-A112-4214-964D-FBB7F19F3F73}.Debug|Any CPU.Build.0 = Debug|Any CPU
		{5EC310FC-A112-4214-964D-FBB7F19F3F73}.Debug|x64.ActiveCfg = Debug|Any CPU
		{5EC310FC-A112-4214-964D-FBB7F19F3F73}.Debug|x64.Build.0 = Debug|Any CPU
		{5EC310FC-A112-4214-964D-FBB7F19F3F73}.Debug|x86.ActiveCfg = Debug|Any CPU
		{5EC310FC-A112-4214-964D-FBB7F19F3F73}.Debug|x86.Build.0 = Debug|Any CPU
		{5EC310FC-A112-4214-964D-FBB7F19F3F73}.Release|Any CPU.ActiveCfg = Release|Any CPU
		{5EC310FC-A112-4214-964D-FBB7F19F3F73}.Release|Any CPU.Build.0 = Release|Any CPU
		{5EC310FC-A112-4214-964D-FBB7F19F3F73}.Release|x64.ActiveCfg = Release|Any CPU
		{5EC310FC-A112-4214-964D-FBB7F19F3F73}.Release|x64.Build.0 = Release|Any CPU
		{5EC310FC-A112-4214-964D-FBB7F19F3F73}.Release|x86.ActiveCfg = Release|Any CPU
		{5EC310FC-A112-4214-964D-FBB7F19F3F73}.Release|x86.Build.0 = Release|Any CPU
		{74358C07-2899-44B6-86E7-67EF5AA7EF03}.Debug|Any CPU.ActiveCfg = Debug|Any CPU
		{74358C07-2899-44B6-86E7-67EF5AA7EF03}.Debug|Any CPU.Build.0 = Debug|Any CPU
		{74358C07-2899-44B6-86E7-67EF5AA7EF03}.Debug|x64.ActiveCfg = Debug|Any CPU
		{74358C07-2899-44B6-86E7-67EF5AA7EF03}.Debug|x64.Build.0 = Debug|Any CPU
		{74358C07-2899-44B6-86E7-67EF5AA7EF03}.Debug|x86.ActiveCfg = Debug|Any CPU
		{74358C07-2899-44B6-86E7-67EF5AA7EF03}.Debug|x86.Build.0 = Debug|Any CPU
		{74358C07-2899-44B6-86E7-67EF5AA7EF03}.Release|Any CPU.ActiveCfg = Release|Any CPU
		{74358C07-2899-44B6-86E7-67EF5AA7EF03}.Release|Any CPU.Build.0 = Release|Any CPU
		{74358C07-2899-44B6-86E7-67EF5AA7EF03}.Release|x64.ActiveCfg = Release|Any CPU
		{74358C07-2899-44B6-86E7-67EF5AA7EF03}.Release|x64.Build.0 = Release|Any CPU
		{74358C07-2899-44B6-86E7-67EF5AA7EF03}.Release|x86.ActiveCfg = Release|Any CPU
		{74358C07-2899-44B6-86E7-67EF5AA7EF03}.Release|x86.Build.0 = Release|Any CPU
		{283CF085-0A45-481A-A7C6-A5F6578AB5BA}.Debug|Any CPU.ActiveCfg = Debug|Any CPU
		{283CF085-0A45-481A-A7C6-A5F6578AB5BA}.Debug|Any CPU.Build.0 = Debug|Any CPU
		{283CF085-0A45-481A-A7C6-A5F6578AB5BA}.Debug|x64.ActiveCfg = Debug|Any CPU
		{283CF085-0A45-481A-A7C6-A5F6578AB5BA}.Debug|x64.Build.0 = Debug|Any CPU
		{283CF085-0A45-481A-A7C6-A5F6578AB5BA}.Debug|x86.ActiveCfg = Debug|Any CPU
		{283CF085-0A45-481A-A7C6-A5F6578AB5BA}.Debug|x86.Build.0 = Debug|Any CPU
		{283CF085-0A45-481A-A7C6-A5F6578AB5BA}.Release|Any CPU.ActiveCfg = Release|Any CPU
		{283CF085-0A45-481A-A7C6-A5F6578AB5BA}.Release|Any CPU.Build.0 = Release|Any CPU
		{283CF085-0A45-481A-A7C6-A5F6578AB5BA}.Release|x64.ActiveCfg = Release|Any CPU
		{283CF085-0A45-481A-A7C6-A5F6578AB5BA}.Release|x64.Build.0 = Release|Any CPU
		{283CF085-0A45-481A-A7C6-A5F6578AB5BA}.Release|x86.ActiveCfg = Release|Any CPU
		{283CF085-0A45-481A-A7C6-A5F6578AB5BA}.Release|x86.Build.0 = Release|Any CPU
	EndGlobalSection
EndGlobal
