
Microsoft Visual Studio Solution File, Format Version 12.00
# Visual Studio 15
VisualStudioVersion = 15.0.26124.0
MinimumVisualStudioVersion = 15.0.26124.0
Project("{2150E333-8FDC-42A3-9474-1A3956D46DE8}") = "src", "src", "{09573EDA-5328-40B4-80D2-C13F2EA07D59}"
EndProject
Project("{FAE04EC0-301F-11D3-BF4B-00C04F79EFBC}") = "WebApp", "src\WebApp\WebApp.csproj", "{D4B576CC-42A7-4460-A14A-0DD7DC72B8E0}"
EndProject
Global
	GlobalSection(SolutionConfigurationPlatforms) = preSolution
		Debug|Any CPU = Debug|Any CPU
		Debug|x64 = Debug|x64
		Debug|x86 = Debug|x86
		Release|Any CPU = Release|Any CPU
		Release|x64 = Release|x64
		Release|x86 = Release|x86
	EndGlobalSection
	GlobalSection(SolutionProperties) = preSolution
		HideSolutionNode = FALSE
	EndGlobalSection
	GlobalSection(NestedProjects) = preSolution
		{D4B576CC-42A7-4460-A14A-0DD7DC72B8E0} = {09573EDA-5328-40B4-80D2-C13F2EA07D59}
	EndGlobalSection
	GlobalSection(ProjectConfigurationPlatforms) = postSolution
		{D4B576CC-42A7-4460-A14A-0DD7DC72B8E0}.Debug|Any CPU.ActiveCfg = Debug|Any CPU
		{D4B576CC-42A7-4460-A14A-0DD7DC72B8E0}.Debug|Any CPU.Build.0 = Debug|Any CPU
		{D4B576CC-42A7-4460-A14A-0DD7DC72B8E0}.Debug|x64.ActiveCfg = Debug|Any CPU
		{D4B576CC-42A7-4460-A14A-0DD7DC72B8E0}.Debug|x64.Build.0 = Debug|Any CPU
		{D4B576CC-42A7-4460-A14A-0DD7DC72B8E0}.Debug|x86.ActiveCfg = Debug|Any CPU
		{D4B576CC-42A7-4460-A14A-0DD7DC72B8E0}.Debug|x86.Build.0 = Debug|Any CPU
		{D4B576CC-42A7-4460-A14A-0DD7DC72B8E0}.Release|Any CPU.ActiveCfg = Release|Any CPU
		{D4B576CC-42A7-4460-A14A-0DD7DC72B8E0}.Release|Any CPU.Build.0 = Release|Any CPU
		{D4B576CC-42A7-4460-A14A-0DD7DC72B8E0}.Release|x64.ActiveCfg = Release|Any CPU
		{D4B576CC-42A7-4460-A14A-0DD7DC72B8E0}.Release|x64.Build.0 = Release|Any CPU
		{D4B576CC-42A7-4460-A14A-0DD7DC72B8E0}.Release|x86.ActiveCfg = Release|Any CPU
		{D4B576CC-42A7-4460-A14A-0DD7DC72B8E0}.Release|x86.Build.0 = Release|Any CPU
	EndGlobalSection
EndGlobal
